
Microsoft Visual Studio Solution File, Format Version 12.00
# Visual Studio 15
VisualStudioVersion = 15.0.27703.2035
MinimumVisualStudioVersion = 10.0.40219.1
Project("{9A19103F-16F7-4668-BE54-9A1E7A4F7556}") = "URU", "URU\URU.csproj", "{60A5A9D7-A814-4AC5-AF8B-BDA8F40CA315}"
EndProject
Global
	GlobalSection(SolutionConfigurationPlatforms) = preSolution
		Debug|Any CPU = Debug|Any CPU
		Release|Any CPU = Release|Any CPU
	EndGlobalSection
	GlobalSection(ProjectConfigurationPlatforms) = postSolution
		{60A5A9D7-A814-4AC5-AF8B-BDA8F40CA315}.Debug|Any CPU.ActiveCfg = Debug|Any CPU
		{60A5A9D7-A814-4AC5-AF8B-BDA8F40CA315}.Debug|Any CPU.Build.0 = Debug|Any CPU
		{60A5A9D7-A814-4AC5-AF8B-BDA8F40CA315}.Release|Any CPU.ActiveCfg = Release|Any CPU
		{60A5A9D7-A814-4AC5-AF8B-BDA8F40CA315}.Release|Any CPU.Build.0 = Release|Any CPU
	EndGlobalSection
	GlobalSection(SolutionProperties) = preSolution
		HideSolutionNode = FALSE
	EndGlobalSection
	GlobalSection(ExtensibilityGlobals) = postSolution
		RESX_ResXSortingComparison = Ordinal
		RESX_SortFileContentOnSave = True
		RESX_NeutralResourcesLanguage = nb-NO
		SolutionGuid = {3CE86441-020C-4FF0-8DA5-93D699959447}
		RESX_AutoCreateNewLanguageFiles = True
	EndGlobalSection
EndGlobal
